
Microsoft Visual Studio Solution File, Format Version 12.00
# Visual Studio Version 17
VisualStudioVersion = 17.11.35222.181
MinimumVisualStudioVersion = 10.0.40219.1
Project("{FAE04EC0-301F-11D3-BF4B-00C04F79EFBC}") = "MyFriendsBook", "MyFriendsBook\MyFriendsBook.csproj", "{F255A8DC-A65D-4168-95A0-BAF6CE7E1320}"
EndProject
Global
	GlobalSection(SolutionConfigurationPlatforms) = preSolution
		Debug|Any CPU = Debug|Any CPU
		Release|Any CPU = Release|Any CPU
	EndGlobalSection
	GlobalSection(ProjectConfigurationPlatforms) = postSolution
		{F255A8DC-A65D-4168-95A0-BAF6CE7E1320}.Debug|Any CPU.ActiveCfg = Debug|Any CPU
		{F255A8DC-A65D-4168-95A0-BAF6CE7E1320}.Debug|Any CPU.Build.0 = Debug|Any CPU
		{F255A8DC-A65D-4168-95A0-BAF6CE7E1320}.Release|Any CPU.ActiveCfg = Release|Any CPU
		{F255A8DC-A65D-4168-95A0-BAF6CE7E1320}.Release|Any CPU.Build.0 = Release|Any CPU
	EndGlobalSection
	GlobalSection(SolutionProperties) = preSolution
		HideSolutionNode = FALSE
	EndGlobalSection
	GlobalSection(ExtensibilityGlobals) = postSolution
		SolutionGuid = {BFD061E9-2D63-4383-8906-FADD3C410A25}
	EndGlobalSection
EndGlobal
